<?xml version="1.0" encoding="utf-8"?>
<Project ToolsVersion="4.0" xmlns="http://schemas.microsoft.com/developer/msbuild/2003">
  <ItemGroup>
    <Filter Include="Source Files">
      <UniqueIdentifier>{4FC737F1-C7A5-4376-A066-2A32D752A2FF}</UniqueIdentifier>
      <Extensions>cpp;c;cc;cxx;def;odl;idl;hpj;bat;asm;asmx</Extensions>
    </Filter>
    <Filter Include="Header Files">
      <UniqueIdentifier>{93995380-89BD-4b04-88EB-625FBE52EBFB}</UniqueIdentifier>
      <Extensions>h;hpp;hxx;hm;inl;inc;xsd</Extensions>
    </Filter>
    <Filter Include="Resource Files">
      <UniqueIdentifier>{67DA6AB6-F800-4c08-8B7A-83BB121AAD01}</UniqueIdentifier>
      <Extensions>rc;ico;cur;bmp;dlg;rc2;rct;bin;rgs;gif;jpg;jpeg;jpe;resx;tiff;tif;png;wav;mfcribbon-ms</Extensions>
    </Filter>
    <Filter Include="Source Files\Code">
      <UniqueIdentifier>{66bbbf87-fa00-49f9-85e5-e8d16bc73f1d}</UniqueIdentifier>
    </Filter>
    <Filter Include="Source Files\Code\Language">
      <UniqueIdentifier>{0d4685af-0877-47a3-9665-51269ab9e14a}</UniqueIdentifier>
    </Filter>
    <Filter Include="Source Files\Code\Language\Universal">
      <UniqueIdentifier>{fb23f443-3434-4db4-8169-9e7d8e835ee0}</UniqueIdentifier>
    </Filter>
  </ItemGroup>
  <ItemGroup>
    <Text Include="ReadMe.txt" />
  </ItemGroup>
  <ItemGroup>
    <ClInclude Include="stdafx.h">
      <Filter>Header Files</Filter>
    </ClInclude>
    <ClInclude Include="targetver.h">
      <Filter>Header Files</Filter>
    </ClInclude>
    <ClInclude Include="ShareMemory.h">
      <Filter>Header Files</Filter>
    </ClInclude>
    <ClInclude Include="ShareCodeInterface.h">
      <Filter>Header Files</Filter>
    </ClInclude>
    <ClInclude Include="ShareCodeParameter.h">
      <Filter>Header Files</Filter>
    </ClInclude>
    <ClInclude Include="ShareCodeFunction.h">
      <Filter>Header Files</Filter>
    </ClInclude>
    <ClInclude Include="ShareCodeNamespace.h">
      <Filter>Header Files</Filter>
    </ClInclude>
    <ClInclude Include="ShareCodeProject.h">
      <Filter>Header Files</Filter>
    </ClInclude>
    <ClInclude Include="ShareCodeBranch.h">
      <Filter>Header Files</Filter>
    </ClInclude>
    <ClInclude Include="ShareCodeAuthor.h">
      <Filter>Header Files</Filter>
    </ClInclude>
    <ClInclude Include="ShareCodeBase.h">
      <Filter>Header Files</Filter>
    </ClInclude>
    <ClInclude Include="ShareCodeLanguage.h">
      <Filter>Header Files</Filter>
    </ClInclude>
    <ClInclude Include="ShareCodeSettings.h">
      <Filter>Header Files</Filter>
    </ClInclude>
    <ClInclude Include="ShareCodeGroup.h">
      <Filter>Header Files</Filter>
    </ClInclude>
    <ClInclude Include="ShareCodeType.h">
      <Filter>Header Files</Filter>
    </ClInclude>
    <ClInclude Include="ShareTypes.h">
      <Filter>Header Files</Filter>
    </ClInclude>
    <ClInclude Include="..\include\sqlite3.h">
      <Filter>Header Files</Filter>
    </ClInclude>
    <ClInclude Include="ShareCodeDbRecord.h">
      <Filter>Header Files</Filter>
    </ClInclude>
    <ClInclude Include="ShareCodeComponent.h">
      <Filter>Header Files</Filter>
    </ClInclude>
  </ItemGroup>
  <ItemGroup>
    <ClCompile Include="stdafx.cpp">
      <Filter>Source Files</Filter>
    </ClCompile>
    <ClCompile Include="ShareMemory.cpp">
      <Filter>Source Files</Filter>
    </ClCompile>
    <ClCompile Include="Share.cpp">
      <Filter>Source Files</Filter>
    </ClCompile>
    <ClCompile Include="sqlite3.c">
      <Filter>Source Files</Filter>
    </ClCompile>
    <ClCompile Include="ShareString.cpp">
      <Filter>Source Files</Filter>
    </ClCompile>
    <ClCompile Include="ShareCodeLanguage.cpp">
      <Filter>Source Files\Code\Language</Filter>
    </ClCompile>
    <ClCompile Include="ShareCodeBase.cpp">
      <Filter>Source Files\Code</Filter>
    </ClCompile>
    <ClCompile Include="ShareCodeAuthor.cpp">
      <Filter>Source Files\Code</Filter>
    </ClCompile>
    <ClCompile Include="ShareCodeBranch.cpp">
      <Filter>Source Files\Code</Filter>
    </ClCompile>
    <ClCompile Include="ShareCodeDbRecord.cpp">
      <Filter>Source Files\Code</Filter>
    </ClCompile>
    <ClCompile Include="ShareCodeFunction.cpp">
      <Filter>Source Files\Code</Filter>
    </ClCompile>
    <ClCompile Include="ShareCodeGroup.cpp">
      <Filter>Source Files\Code</Filter>
    </ClCompile>
    <ClCompile Include="ShareCodeInterface.cpp">
      <Filter>Source Files\Code</Filter>
    </ClCompile>
    <ClCompile Include="ShareCodeNamespace.cpp">
      <Filter>Source Files\Code</Filter>
    </ClCompile>
    <ClCompile Include="ShareCodeParameter.cpp">
      <Filter>Source Files\Code</Filter>
    </ClCompile>
    <ClCompile Include="ShareCodeProject.cpp">
      <Filter>Source Files\Code</Filter>
    </ClCompile>
    <ClCompile Include="ShareCodeSettings.cpp">
      <Filter>Source Files\Code</Filter>
    </ClCompile>
    <ClCompile Include="ShareCodeType.cpp">
      <Filter>Source Files\Code</Filter>
    </ClCompile>
    <ClCompile Include="ShareCodeComponent.cpp">
      <Filter>Source Files\Code</Filter>
    </ClCompile>
  </ItemGroup>
</Project>